
Microsoft Visual Studio Solution File, Format Version 12.00
# Visual Studio Version 16
VisualStudioVersion = 16.0.30011.22
MinimumVisualStudioVersion = 10.0.40219.1
Project("{9A19103F-16F7-4668-BE54-9A1E7A4F7556}") = "InvestmentPerformance", "InvestmentPerformance\InvestmentPerformance.csproj", "{BA4D5F7C-05A9-47F5-913C-78B4D35AA24B}"
EndProject
Project("{00D1A9C2-B5F0-4AF3-8072-F6C62B433612}") = "InvestmentDatabase", "InvestmentDatabase\InvestmentDatabase\InvestmentDatabase.sqlproj", "{FFE8503C-E287-4431-845C-8895D9245C89}"
EndProject
Project("{FAE04EC0-301F-11D3-BF4B-00C04F79EFBC}") = "InvestmentPerformanceTests", "InvestmentPerformanceTests\InvestmentPerformanceTests.csproj", "{444DDE1C-20CD-454A-85DC-C6E5782EA251}"
EndProject
Global
	GlobalSection(SolutionConfigurationPlatforms) = preSolution
		Debug|Any CPU = Debug|Any CPU
		Release|Any CPU = Release|Any CPU
	EndGlobalSection
	GlobalSection(ProjectConfigurationPlatforms) = postSolution
		{BA4D5F7C-05A9-47F5-913C-78B4D35AA24B}.Debug|Any CPU.ActiveCfg = Debug|Any CPU
		{BA4D5F7C-05A9-47F5-913C-78B4D35AA24B}.Debug|Any CPU.Build.0 = Debug|Any CPU
		{BA4D5F7C-05A9-47F5-913C-78B4D35AA24B}.Release|Any CPU.ActiveCfg = Release|Any CPU
		{BA4D5F7C-05A9-47F5-913C-78B4D35AA24B}.Release|Any CPU.Build.0 = Release|Any CPU
		{FFE8503C-E287-4431-845C-8895D9245C89}.Debug|Any CPU.ActiveCfg = Debug|Any CPU
		{FFE8503C-E287-4431-845C-8895D9245C89}.Debug|Any CPU.Build.0 = Debug|Any CPU
		{FFE8503C-E287-4431-845C-8895D9245C89}.Debug|Any CPU.Deploy.0 = Debug|Any CPU
		{FFE8503C-E287-4431-845C-8895D9245C89}.Release|Any CPU.ActiveCfg = Release|Any CPU
		{FFE8503C-E287-4431-845C-8895D9245C89}.Release|Any CPU.Build.0 = Release|Any CPU
		{FFE8503C-E287-4431-845C-8895D9245C89}.Release|Any CPU.Deploy.0 = Release|Any CPU
		{444DDE1C-20CD-454A-85DC-C6E5782EA251}.Debug|Any CPU.ActiveCfg = Debug|Any CPU
		{444DDE1C-20CD-454A-85DC-C6E5782EA251}.Debug|Any CPU.Build.0 = Debug|Any CPU
		{444DDE1C-20CD-454A-85DC-C6E5782EA251}.Release|Any CPU.ActiveCfg = Release|Any CPU
		{444DDE1C-20CD-454A-85DC-C6E5782EA251}.Release|Any CPU.Build.0 = Release|Any CPU
	EndGlobalSection
	GlobalSection(SolutionProperties) = preSolution
		HideSolutionNode = FALSE
	EndGlobalSection
	GlobalSection(ExtensibilityGlobals) = postSolution
		SolutionGuid = {559AEB75-8F14-47AC-9C61-99DC2FAEDEC7}
	EndGlobalSection
EndGlobal
