
Microsoft Visual Studio Solution File, Format Version 12.00
# Visual Studio Version 16
VisualStudioVersion = 16.0.31105.61
MinimumVisualStudioVersion = 10.0.40219.1
Project("{9A19103F-16F7-4668-BE54-9A1E7A4F7556}") = "CodingExercise.Service", "CodingExercise.Service\CodingExercise.Service.csproj", "{3CFEC70C-1A60-4B6F-8C86-E40366C91C75}"
EndProject
Project("{FAE04EC0-301F-11D3-BF4B-00C04F79EFBC}") = "CodingExercise.BLL", "CodingExercise.BLL\CodingExercise.BLL.csproj", "{580D87E1-BFE0-44F8-B327-73FA863D745D}"
EndProject
Project("{FAE04EC0-301F-11D3-BF4B-00C04F79EFBC}") = "CodingExercise.Models", "CodingExercise.Models\CodingExercise.Models.csproj", "{F3E5A5F9-01B5-491B-BCD4-0F8A32ADF8B2}"
EndProject
Project("{FAE04EC0-301F-11D3-BF4B-00C04F79EFBC}") = "CodingExercise.DAL", "CodingExercise.DAL\CodingExercise.DAL.csproj", "{F54CF661-FA42-4CF4-8C19-AEBD1B52E6F4}"
EndProject
Project("{FAE04EC0-301F-11D3-BF4B-00C04F79EFBC}") = "CodingExercise.Tests", "CodingExercise.Tests\CodingExercise.Tests.csproj", "{9C2C181C-EAC7-4F2E-8713-71DB3F8EB0EF}"
EndProject
Global
	GlobalSection(SolutionConfigurationPlatforms) = preSolution
		Debug|Any CPU = Debug|Any CPU
		Release|Any CPU = Release|Any CPU
	EndGlobalSection
	GlobalSection(ProjectConfigurationPlatforms) = postSolution
		{3CFEC70C-1A60-4B6F-8C86-E40366C91C75}.Debug|Any CPU.ActiveCfg = Debug|Any CPU
		{3CFEC70C-1A60-4B6F-8C86-E40366C91C75}.Debug|Any CPU.Build.0 = Debug|Any CPU
		{3CFEC70C-1A60-4B6F-8C86-E40366C91C75}.Release|Any CPU.ActiveCfg = Release|Any CPU
		{3CFEC70C-1A60-4B6F-8C86-E40366C91C75}.Release|Any CPU.Build.0 = Release|Any CPU
		{580D87E1-BFE0-44F8-B327-73FA863D745D}.Debug|Any CPU.ActiveCfg = Debug|Any CPU
		{580D87E1-BFE0-44F8-B327-73FA863D745D}.Debug|Any CPU.Build.0 = Debug|Any CPU
		{580D87E1-BFE0-44F8-B327-73FA863D745D}.Release|Any CPU.ActiveCfg = Release|Any CPU
		{580D87E1-BFE0-44F8-B327-73FA863D745D}.Release|Any CPU.Build.0 = Release|Any CPU
		{F3E5A5F9-01B5-491B-BCD4-0F8A32ADF8B2}.Debug|Any CPU.ActiveCfg = Debug|Any CPU
		{F3E5A5F9-01B5-491B-BCD4-0F8A32ADF8B2}.Debug|Any CPU.Build.0 = Debug|Any CPU
		{F3E5A5F9-01B5-491B-BCD4-0F8A32ADF8B2}.Release|Any CPU.ActiveCfg = Release|Any CPU
		{F3E5A5F9-01B5-491B-BCD4-0F8A32ADF8B2}.Release|Any CPU.Build.0 = Release|Any CPU
		{F54CF661-FA42-4CF4-8C19-AEBD1B52E6F4}.Debug|Any CPU.ActiveCfg = Debug|Any CPU
		{F54CF661-FA42-4CF4-8C19-AEBD1B52E6F4}.Debug|Any CPU.Build.0 = Debug|Any CPU
		{F54CF661-FA42-4CF4-8C19-AEBD1B52E6F4}.Release|Any CPU.ActiveCfg = Release|Any CPU
		{F54CF661-FA42-4CF4-8C19-AEBD1B52E6F4}.Release|Any CPU.Build.0 = Release|Any CPU
		{9C2C181C-EAC7-4F2E-8713-71DB3F8EB0EF}.Debug|Any CPU.ActiveCfg = Debug|Any CPU
		{9C2C181C-EAC7-4F2E-8713-71DB3F8EB0EF}.Debug|Any CPU.Build.0 = Debug|Any CPU
		{9C2C181C-EAC7-4F2E-8713-71DB3F8EB0EF}.Release|Any CPU.ActiveCfg = Release|Any CPU
		{9C2C181C-EAC7-4F2E-8713-71DB3F8EB0EF}.Release|Any CPU.Build.0 = Release|Any CPU
	EndGlobalSection
	GlobalSection(SolutionProperties) = preSolution
		HideSolutionNode = FALSE
	EndGlobalSection
	GlobalSection(ExtensibilityGlobals) = postSolution
		SolutionGuid = {1B9F9C3E-5E2C-4AE1-B713-DA4CBDE1CC2C}
	EndGlobalSection
EndGlobal
