
Microsoft Visual Studio Solution File, Format Version 12.00
# Visual Studio Version 16
VisualStudioVersion = 16.0.29926.136
MinimumVisualStudioVersion = 10.0.40219.1
Project("{FAE04EC0-301F-11D3-BF4B-00C04F79EFBC}") = "InvestmentPerformanceApi", "InvestmentPerformanceApi\InvestmentPerformanceApi.csproj", "{7057398C-C6EA-4D9E-B7FF-4AF764431492}"
EndProject
Project("{FAE04EC0-301F-11D3-BF4B-00C04F79EFBC}") = "InvestmentPerformanceApi.Tests", "InvestmentPerformanceApi.Tests\InvestmentPerformanceApi.Tests.csproj", "{4169B7C0-70CA-41E5-90C3-595678F32B84}"
EndProject
Global
	GlobalSection(SolutionConfigurationPlatforms) = preSolution
		Debug|Any CPU = Debug|Any CPU
		Release|Any CPU = Release|Any CPU
	EndGlobalSection
	GlobalSection(ProjectConfigurationPlatforms) = postSolution
		{7057398C-C6EA-4D9E-B7FF-4AF764431492}.Debug|Any CPU.ActiveCfg = Debug|Any CPU
		{7057398C-C6EA-4D9E-B7FF-4AF764431492}.Debug|Any CPU.Build.0 = Debug|Any CPU
		{7057398C-C6EA-4D9E-B7FF-4AF764431492}.Release|Any CPU.ActiveCfg = Release|Any CPU
		{7057398C-C6EA-4D9E-B7FF-4AF764431492}.Release|Any CPU.Build.0 = Release|Any CPU
		{4169B7C0-70CA-41E5-90C3-595678F32B84}.Debug|Any CPU.ActiveCfg = Debug|Any CPU
		{4169B7C0-70CA-41E5-90C3-595678F32B84}.Debug|Any CPU.Build.0 = Debug|Any CPU
		{4169B7C0-70CA-41E5-90C3-595678F32B84}.Release|Any CPU.ActiveCfg = Release|Any CPU
		{4169B7C0-70CA-41E5-90C3-595678F32B84}.Release|Any CPU.Build.0 = Release|Any CPU
	EndGlobalSection
	GlobalSection(SolutionProperties) = preSolution
		HideSolutionNode = FALSE
	EndGlobalSection
	GlobalSection(ExtensibilityGlobals) = postSolution
		SolutionGuid = {BB3108D7-87E9-4742-B170-2CEF89ACC69C}
	EndGlobalSection
EndGlobal
