
Microsoft Visual Studio Solution File, Format Version 12.00
# Visual Studio 15
VisualStudioVersion = 15.0.26124.0
MinimumVisualStudioVersion = 15.0.26124.0
Project("{2150E333-8FDC-42A3-9474-1A3956D46DE8}") = "src", "src", "{2D63C30C-7EBF-41D5-BA06-346E9B925519}"
EndProject
Project("{FAE04EC0-301F-11D3-BF4B-00C04F79EFBC}") = "TradingApp.PerformanceApi", "src\TradingApp.PerformanceApi\TradingApp.PerformanceApi.csproj", "{AB69CAB8-86B2-4E9F-ADB1-228F787E250F}"
EndProject
Project("{2150E333-8FDC-42A3-9474-1A3956D46DE8}") = "test", "test", "{0C6824F0-4C84-40BE-A69A-3FBA561D68F1}"
EndProject
Project("{FAE04EC0-301F-11D3-BF4B-00C04F79EFBC}") = "TradingApp.PerformanceApi.Tests", "test\TradingApp.PerformanceApi.Tests\TradingApp.PerformanceApi.Tests.csproj", "{641B1FED-3252-4823-8E4C-A9940E391A03}"
EndProject
Global
	GlobalSection(SolutionConfigurationPlatforms) = preSolution
		Debug|Any CPU = Debug|Any CPU
		Debug|x64 = Debug|x64
		Debug|x86 = Debug|x86
		Release|Any CPU = Release|Any CPU
		Release|x64 = Release|x64
		Release|x86 = Release|x86
	EndGlobalSection
	GlobalSection(SolutionProperties) = preSolution
		HideSolutionNode = FALSE
	EndGlobalSection
	GlobalSection(ProjectConfigurationPlatforms) = postSolution
		{AB69CAB8-86B2-4E9F-ADB1-228F787E250F}.Debug|Any CPU.ActiveCfg = Debug|Any CPU
		{AB69CAB8-86B2-4E9F-ADB1-228F787E250F}.Debug|Any CPU.Build.0 = Debug|Any CPU
		{AB69CAB8-86B2-4E9F-ADB1-228F787E250F}.Debug|x64.ActiveCfg = Debug|Any CPU
		{AB69CAB8-86B2-4E9F-ADB1-228F787E250F}.Debug|x64.Build.0 = Debug|Any CPU
		{AB69CAB8-86B2-4E9F-ADB1-228F787E250F}.Debug|x86.ActiveCfg = Debug|Any CPU
		{AB69CAB8-86B2-4E9F-ADB1-228F787E250F}.Debug|x86.Build.0 = Debug|Any CPU
		{AB69CAB8-86B2-4E9F-ADB1-228F787E250F}.Release|Any CPU.ActiveCfg = Release|Any CPU
		{AB69CAB8-86B2-4E9F-ADB1-228F787E250F}.Release|Any CPU.Build.0 = Release|Any CPU
		{AB69CAB8-86B2-4E9F-ADB1-228F787E250F}.Release|x64.ActiveCfg = Release|Any CPU
		{AB69CAB8-86B2-4E9F-ADB1-228F787E250F}.Release|x64.Build.0 = Release|Any CPU
		{AB69CAB8-86B2-4E9F-ADB1-228F787E250F}.Release|x86.ActiveCfg = Release|Any CPU
		{AB69CAB8-86B2-4E9F-ADB1-228F787E250F}.Release|x86.Build.0 = Release|Any CPU
		{641B1FED-3252-4823-8E4C-A9940E391A03}.Debug|Any CPU.ActiveCfg = Debug|Any CPU
		{641B1FED-3252-4823-8E4C-A9940E391A03}.Debug|Any CPU.Build.0 = Debug|Any CPU
		{641B1FED-3252-4823-8E4C-A9940E391A03}.Debug|x64.ActiveCfg = Debug|Any CPU
		{641B1FED-3252-4823-8E4C-A9940E391A03}.Debug|x64.Build.0 = Debug|Any CPU
		{641B1FED-3252-4823-8E4C-A9940E391A03}.Debug|x86.ActiveCfg = Debug|Any CPU
		{641B1FED-3252-4823-8E4C-A9940E391A03}.Debug|x86.Build.0 = Debug|Any CPU
		{641B1FED-3252-4823-8E4C-A9940E391A03}.Release|Any CPU.ActiveCfg = Release|Any CPU
		{641B1FED-3252-4823-8E4C-A9940E391A03}.Release|Any CPU.Build.0 = Release|Any CPU
		{641B1FED-3252-4823-8E4C-A9940E391A03}.Release|x64.ActiveCfg = Release|Any CPU
		{641B1FED-3252-4823-8E4C-A9940E391A03}.Release|x64.Build.0 = Release|Any CPU
		{641B1FED-3252-4823-8E4C-A9940E391A03}.Release|x86.ActiveCfg = Release|Any CPU
		{641B1FED-3252-4823-8E4C-A9940E391A03}.Release|x86.Build.0 = Release|Any CPU
	EndGlobalSection
	GlobalSection(NestedProjects) = preSolution
		{AB69CAB8-86B2-4E9F-ADB1-228F787E250F} = {2D63C30C-7EBF-41D5-BA06-346E9B925519}
		{641B1FED-3252-4823-8E4C-A9940E391A03} = {0C6824F0-4C84-40BE-A69A-3FBA561D68F1}
	EndGlobalSection
EndGlobal
