
Microsoft Visual Studio Solution File, Format Version 12.00
# Visual Studio Version 16
VisualStudioVersion = 16.0.30011.22
MinimumVisualStudioVersion = 10.0.40219.1
Project("{FAE04EC0-301F-11D3-BF4B-00C04F79EFBC}") = "InvestmentAPI", "InvestmentAPI\InvestmentAPI.csproj", "{42304BF3-0328-47AD-969C-2B8588DBCC22}"
EndProject
Global
	GlobalSection(SolutionConfigurationPlatforms) = preSolution
		Debug|Any CPU = Debug|Any CPU
		Release|Any CPU = Release|Any CPU
	EndGlobalSection
	GlobalSection(ProjectConfigurationPlatforms) = postSolution
		{42304BF3-0328-47AD-969C-2B8588DBCC22}.Debug|Any CPU.ActiveCfg = Debug|Any CPU
		{42304BF3-0328-47AD-969C-2B8588DBCC22}.Debug|Any CPU.Build.0 = Debug|Any CPU
		{42304BF3-0328-47AD-969C-2B8588DBCC22}.Release|Any CPU.ActiveCfg = Release|Any CPU
		{42304BF3-0328-47AD-969C-2B8588DBCC22}.Release|Any CPU.Build.0 = Release|Any CPU
	EndGlobalSection
	GlobalSection(SolutionProperties) = preSolution
		HideSolutionNode = FALSE
	EndGlobalSection
	GlobalSection(ExtensibilityGlobals) = postSolution
		SolutionGuid = {77A21E06-8E47-4A74-B996-EB8A6203A337}
	EndGlobalSection
EndGlobal
