
Microsoft Visual Studio Solution File, Format Version 12.00
# Visual Studio Version 16
VisualStudioVersion = 16.0.30711.63
MinimumVisualStudioVersion = 10.0.40219.1
Project("{FAE04EC0-301F-11D3-BF4B-00C04F79EFBC}") = "InvestmentPerformanceApi", "InvestmentPerformanceApi.csproj", "{DC1ADA7C-FCAE-4C10-A4CE-29E3D8C6E1FC}"
EndProject
Global
	GlobalSection(SolutionConfigurationPlatforms) = preSolution
		Debug|Any CPU = Debug|Any CPU
		Release|Any CPU = Release|Any CPU
	EndGlobalSection
	GlobalSection(ProjectConfigurationPlatforms) = postSolution
		{DC1ADA7C-FCAE-4C10-A4CE-29E3D8C6E1FC}.Debug|Any CPU.ActiveCfg = Debug|Any CPU
		{DC1ADA7C-FCAE-4C10-A4CE-29E3D8C6E1FC}.Debug|Any CPU.Build.0 = Debug|Any CPU
		{DC1ADA7C-FCAE-4C10-A4CE-29E3D8C6E1FC}.Release|Any CPU.ActiveCfg = Release|Any CPU
		{DC1ADA7C-FCAE-4C10-A4CE-29E3D8C6E1FC}.Release|Any CPU.Build.0 = Release|Any CPU
	EndGlobalSection
	GlobalSection(SolutionProperties) = preSolution
		HideSolutionNode = FALSE
	EndGlobalSection
	GlobalSection(ExtensibilityGlobals) = postSolution
		SolutionGuid = {53499326-B406-4B42-B5D5-8BB7C848A88F}
	EndGlobalSection
EndGlobal
