
Microsoft Visual Studio Solution File, Format Version 12.00
# Visual Studio Version 16
VisualStudioVersion = 16.0.30717.126
MinimumVisualStudioVersion = 10.0.40219.1
Project("{FAE04EC0-301F-11D3-BF4B-00C04F79EFBC}") = "InvPerfWebApi", "InvPerfWebApi\InvPerfWebApi.csproj", "{E99653F2-533F-463A-A8FE-FB778B69E640}"
EndProject
Project("{FAE04EC0-301F-11D3-BF4B-00C04F79EFBC}") = "InvPerfWebApi.Tests", "InvPerfWebApi.Tests\InvPerfWebApi.Tests.csproj", "{306C3AD1-3052-4BC3-BCBA-96D1A8D2AB76}"
EndProject
Global
	GlobalSection(SolutionConfigurationPlatforms) = preSolution
		Debug|Any CPU = Debug|Any CPU
		Release|Any CPU = Release|Any CPU
	EndGlobalSection
	GlobalSection(ProjectConfigurationPlatforms) = postSolution
		{E99653F2-533F-463A-A8FE-FB778B69E640}.Debug|Any CPU.ActiveCfg = Debug|Any CPU
		{E99653F2-533F-463A-A8FE-FB778B69E640}.Debug|Any CPU.Build.0 = Debug|Any CPU
		{E99653F2-533F-463A-A8FE-FB778B69E640}.Release|Any CPU.ActiveCfg = Release|Any CPU
		{E99653F2-533F-463A-A8FE-FB778B69E640}.Release|Any CPU.Build.0 = Release|Any CPU
		{306C3AD1-3052-4BC3-BCBA-96D1A8D2AB76}.Debug|Any CPU.ActiveCfg = Debug|Any CPU
		{306C3AD1-3052-4BC3-BCBA-96D1A8D2AB76}.Debug|Any CPU.Build.0 = Debug|Any CPU
		{306C3AD1-3052-4BC3-BCBA-96D1A8D2AB76}.Release|Any CPU.ActiveCfg = Release|Any CPU
		{306C3AD1-3052-4BC3-BCBA-96D1A8D2AB76}.Release|Any CPU.Build.0 = Release|Any CPU
	EndGlobalSection
	GlobalSection(SolutionProperties) = preSolution
		HideSolutionNode = FALSE
	EndGlobalSection
	GlobalSection(ExtensibilityGlobals) = postSolution
		SolutionGuid = {5DF2EF81-4014-4E11-A142-2ADEE3744C9E}
	EndGlobalSection
EndGlobal
