
Microsoft Visual Studio Solution File, Format Version 12.00
# Visual Studio 15
VisualStudioVersion = 15.0.28307.705
MinimumVisualStudioVersion = 10.0.40219.1
Project("{FAE04EC0-301F-11D3-BF4B-00C04F79EFBC}") = "BusinessObjects", "BusinessObjects\BusinessObjects.csproj", "{6DE1B059-A902-4EFE-AD08-109E611291E3}"
EndProject
Project("{FAE04EC0-301F-11D3-BF4B-00C04F79EFBC}") = "InvestmentPerformanceWebAPI", "InvestmentPerformanceWebAPI\InvestmentPerformanceWebAPI.csproj", "{4F40989B-93AD-49E5-8BF5-53E1744F9F68}"
EndProject
Project("{FAE04EC0-301F-11D3-BF4B-00C04F79EFBC}") = "InvestmentPerformanceTest", "InvestmentPerformanceTest\InvestmentPerformanceTest.csproj", "{D1AC0A2C-ED4B-4BC9-8340-B967EA2A854F}"
EndProject
Global
	GlobalSection(SolutionConfigurationPlatforms) = preSolution
		Debug|Any CPU = Debug|Any CPU
		Release|Any CPU = Release|Any CPU
	EndGlobalSection
	GlobalSection(ProjectConfigurationPlatforms) = postSolution
		{6DE1B059-A902-4EFE-AD08-109E611291E3}.Debug|Any CPU.ActiveCfg = Debug|Any CPU
		{6DE1B059-A902-4EFE-AD08-109E611291E3}.Debug|Any CPU.Build.0 = Debug|Any CPU
		{6DE1B059-A902-4EFE-AD08-109E611291E3}.Release|Any CPU.ActiveCfg = Release|Any CPU
		{6DE1B059-A902-4EFE-AD08-109E611291E3}.Release|Any CPU.Build.0 = Release|Any CPU
		{4F40989B-93AD-49E5-8BF5-53E1744F9F68}.Debug|Any CPU.ActiveCfg = Debug|Any CPU
		{4F40989B-93AD-49E5-8BF5-53E1744F9F68}.Debug|Any CPU.Build.0 = Debug|Any CPU
		{4F40989B-93AD-49E5-8BF5-53E1744F9F68}.Release|Any CPU.ActiveCfg = Release|Any CPU
		{4F40989B-93AD-49E5-8BF5-53E1744F9F68}.Release|Any CPU.Build.0 = Release|Any CPU
		{D1AC0A2C-ED4B-4BC9-8340-B967EA2A854F}.Debug|Any CPU.ActiveCfg = Debug|Any CPU
		{D1AC0A2C-ED4B-4BC9-8340-B967EA2A854F}.Debug|Any CPU.Build.0 = Debug|Any CPU
		{D1AC0A2C-ED4B-4BC9-8340-B967EA2A854F}.Release|Any CPU.ActiveCfg = Release|Any CPU
		{D1AC0A2C-ED4B-4BC9-8340-B967EA2A854F}.Release|Any CPU.Build.0 = Release|Any CPU
	EndGlobalSection
	GlobalSection(SolutionProperties) = preSolution
		HideSolutionNode = FALSE
	EndGlobalSection
	GlobalSection(ExtensibilityGlobals) = postSolution
		SolutionGuid = {D0574B6D-A889-4817-98D5-315390604189}
	EndGlobalSection
EndGlobal
